
Microsoft Visual Studio Solution File, Format Version 12.00
# Visual Studio Version 17
VisualStudioVersion = 17.2.32616.157
MinimumVisualStudioVersion = 10.0.40219.1
Project("{FAE04EC0-301F-11D3-BF4B-00C04F79EFBC}") = "AndersBot", "AndersBot.csproj", "{504E4B83-76BE-4520-BA49-774F8994EC5B}"
EndProject
Global
	GlobalSection(SolutionConfigurationPlatforms) = preSolution
		Debug|Any CPU = Debug|Any CPU
		Release|Any CPU = Release|Any CPU
	EndGlobalSection
	GlobalSection(ProjectConfigurationPlatforms) = postSolution
		{504E4B83-76BE-4520-BA49-774F8994EC5B}.Debug|Any CPU.ActiveCfg = Debug|Any CPU
		{504E4B83-76BE-4520-BA49-774F8994EC5B}.Debug|Any CPU.Build.0 = Debug|Any CPU
		{504E4B83-76BE-4520-BA49-774F8994EC5B}.Release|Any CPU.ActiveCfg = Release|Any CPU
		{504E4B83-76BE-4520-BA49-774F8994EC5B}.Release|Any CPU.Build.0 = Release|Any CPU
	EndGlobalSection
	GlobalSection(SolutionProperties) = preSolution
		HideSolutionNode = FALSE
	EndGlobalSection
	GlobalSection(ExtensibilityGlobals) = postSolution
		SolutionGuid = {A2BDC413-42A2-4557-A270-1D8BD69AD8B1}
	EndGlobalSection
EndGlobal
